github.com/cyclopcam/logs/v4 v4.0.1 h1:wHyzP8TXQa9+I1uGDwHeIWv3mU89yk/pjYFCw+yiRoY=
github.com/cyclopcam/logs/v4 v4.0.1/go.mod h1:4b6TW+JxylY/i5Yxi8u23x7djg42w8XxPcGosS4yIaM=
github.com/cyclopcam/www/v3 v3.0.8 h1:028h5M00zQIqTV4SriCdYZbYlyKn5zJ1pz/v8PbSmmU=
github.com/cyclopcam/www/v3 v3.0.8/go.mod h1:TgQK2vY6RdLVsyG3y0kYh4KXtq54FcSCzSLWjMO6low=
