github.com/cyclopcam/logs/v3 v3.0.5 h1:3wTkPTmwhuNUXSLu7Vkgnl6WI2KoY6icxgoiIW/7p+s=
github.com/cyclopcam/logs/v3 v3.0.5/go.mod h1:lXP7Pup2E1PsSsyfwlVrqqe+xUguzYckAvoi8Su/AN4=
github.com/cyclopcam/www/v3 v3.0.4 h1:fyJfqH+JMSQirZ+295UIHrFa/QK6Z/z2ciwkzrGbayQ=
github.com/cyclopcam/www/v3 v3.0.4/go.mod h1:MxzW22aLZUDv2H1GDIVbfJmPcd/+5LHr39qlbxEjiH8=
